
Microsoft Visual Studio Solution File, Format Version 12.00
# Visual Studio 15
VisualStudioVersion = 15.0.26430.16
MinimumVisualStudioVersion = 10.0.40219.1
Project("{FAE04EC0-301F-11D3-BF4B-00C04F79EFBC}") = "Hedgehog", "Hedgehog\Hedgehog.csproj", "{EE85D659-A184-4688-A164-7A3533F2280E}"
EndProject
Project("{FAE04EC0-301F-11D3-BF4B-00C04F79EFBC}") = "Hedgehog.Sample", "Hedgehog.Sample\Hedgehog.Sample.csproj", "{09E493C0-E49C-4FB5-9D5E-0B4814FDE767}"
EndProject
Global
	GlobalSection(SolutionConfigurationPlatforms) = preSolution
		Debug|Any CPU = Debug|Any CPU
		Release|Any CPU = Release|Any CPU
	EndGlobalSection
	GlobalSection(ProjectConfigurationPlatforms) = postSolution
		{EE85D659-A184-4688-A164-7A3533F2280E}.Debug|Any CPU.ActiveCfg = Debug|Any CPU
		{EE85D659-A184-4688-A164-7A3533F2280E}.Debug|Any CPU.Build.0 = Debug|Any CPU
		{EE85D659-A184-4688-A164-7A3533F2280E}.Release|Any CPU.ActiveCfg = Release|Any CPU
		{EE85D659-A184-4688-A164-7A3533F2280E}.Release|Any CPU.Build.0 = Release|Any CPU
		{09E493C0-E49C-4FB5-9D5E-0B4814FDE767}.Debug|Any CPU.ActiveCfg = Debug|Any CPU
		{09E493C0-E49C-4FB5-9D5E-0B4814FDE767}.Debug|Any CPU.Build.0 = Debug|Any CPU
		{09E493C0-E49C-4FB5-9D5E-0B4814FDE767}.Release|Any CPU.ActiveCfg = Release|Any CPU
		{09E493C0-E49C-4FB5-9D5E-0B4814FDE767}.Release|Any CPU.Build.0 = Release|Any CPU
	EndGlobalSection
	GlobalSection(SolutionProperties) = preSolution
		HideSolutionNode = FALSE
	EndGlobalSection
EndGlobal
